uuid: 58b0aa70-140f-4c61-87a0-e82cc18646e6
langcode: en
status: true
dependencies:
  enforced:
    module:
      - recipes_magazin_contenta
  module:
    - block
_core:
  default_config_hash: SMdQSqogDOZqMwBX7bwKICpYKkpnO2W2cqifr7GjAxc
id: block--block
disabled: true
path: blocks
resourceType: blocks
resourceFields:
  id:
    fieldName: id
    publicName: internalId
    enhancer:
      id: ''
    disabled: false
  uuid:
    disabled: true
    fieldName: uuid
    publicName: uuid
    enhancer:
      id: ''
  langcode:
    disabled: true
    fieldName: langcode
    publicName: langcode
    enhancer:
      id: ''
  status:
    fieldName: status
    publicName: isPublished
    enhancer:
      id: ''
    disabled: false
  dependencies:
    fieldName: dependencies
    publicName: dependencies
    enhancer:
      id: ''
    disabled: false
  third_party_settings:
    fieldName: third_party_settings
    publicName: third_party_settings
    enhancer:
      id: ''
    disabled: false
  _core:
    fieldName: _core
    publicName: _core
    enhancer:
      id: ''
    disabled: false
  theme:
    fieldName: theme
    publicName: theme
    enhancer:
      id: ''
    disabled: false
  region:
    fieldName: region
    publicName: region
    enhancer:
      id: ''
    disabled: false
  weight:
    fieldName: weight
    publicName: weight
    enhancer:
      id: ''
    disabled: false
  provider:
    fieldName: provider
    publicName: provider
    enhancer:
      id: ''
    disabled: false
  plugin:
    fieldName: plugin
    publicName: plugin
    enhancer:
      id: ''
    disabled: false
  settings:
    fieldName: settings
    publicName: settings
    enhancer:
      id: ''
    disabled: false
  visibility:
    fieldName: visibility
    publicName: visibility
    enhancer:
      id: ''
    disabled: false
